github.com/creack/pty v1.1.24 h1:bJrF4RRfyJnbTJqzRLHzcGaZK1NeM5kTC9jGgovnR1s=
github.com/creack/pty v1.1.24/go.mod h1:08sCNb52WyoAwi2QDyzUCTgcvVFhUzewun7wtTfvcwE=
github.com/gorilla/websocket v1.5.3 h1:saDtZ6Pbx/0u+bgYQ3q96pZgCzfhKXGPqt7kZ72aNNg=
github.com/gorilla/websocket v1.5.3/go.mod h1:YR8l580nyteQvAITg2hZ9XVh4b55+EU/adAjf1fMHhE=
github.com/ncruces/go-sqlite3 v0.35.4 h1:unjCk+lVaxMpD9hbVaZyDJviS5Unw1P03+HF0ROLlHo=
github.com/ncruces/go-sqlite3 v0.35.4/go.mod h1:dfbnrzPOLEIpCNZ1yDRkIG60pGxjDCwiEKj9A0lGWYE=
github.com/ncruces/go-sqlite3-wasm/v5 v5.0.35304 h1:Ck3GB9h+0n3hJqdhAeehOef3k5V+llGio1c2Dyk/W6w=
github.com/ncruces/go-sqlite3-wasm/v5 v5.0.35304/go.mod h1:gJyN6U50iis7mDt+rzRv8u9vUNr08NTD2p4fVonKn/Q=
github.com/ncruces/julianday v1.0.0 h1:fH0OKwa7NWvniGQtxdJRxAgkBMolni2BjDHaWTxqt7M=
github.com/ncruces/julianday v1.0.0/go.mod h1:Dusn2KvZrrovOMJuOt0TNXL6tB7U2E8kvza5fFc9G7g=
github.com/usbarmory/tamago v1.26.4 h1:laFvRANKgVYFHxLHjIlhqJCc3Xm+qMyab2SlUoNw6zY=
github.com/usbarmory/tamago v1.26.4/go.mod h1:HZkb+ZkzFl8aCxAuF7exsKX+XaNM0mYG9Iv7ooX1WDY=
github.com/xinix00/HopOS/metal v1.99999.0 h1:+plj02hDRcjb5Ai2eQCXKD75dXWvOPl6ZchKn4Hv9DA=
github.com/xinix00/HopOS/metal v1.99999.0/go.mod h1:GoGwET318SbAf3+Q8jjlboLvnWJ4apblDaaVrQEIE9w=
github.com/xinix00/lean v0.99.0 h1:gMptiTTkVGDlCEQfVT0WstW9PEV35mamEY8GZpa0zYc=
github.com/xinix00/lean v0.99.0/go.mod h1:gRIa2nL/SIEsi1L/eq9EUqrKQ+jnjxUGb3IAsuVQX7U=
golang.org/x/crypto/x509roots/fallback v0.0.0-20260709184058-243e02a382f8 h1:OZy0hsjD/gbnVKENxnVK6I3e4bdKwYy4R3dfdKosYyA=
golang.org/x/crypto/x509roots/fallback v0.0.0-20260709184058-243e02a382f8/go.mod h1:+UoQFNBq2p2wO+Q6ddVtYc25GZ6VNdOMyyrd4nrqrKs=
golang.org/x/sys v0.47.0 h1:o7XGOvZQCADBQQ4Y7VNq2dRWQR7JmOUW8Kxx4ZsNgWs=
golang.org/x/sys v0.47.0/go.mod h1:4GL1E5IUh+htKOUEOaiffhrAeqysfVGipDYzABqnCmw=
golang.org/x/text v0.41.0 h1:vz/seA0lnX87Othu2f/0L24RcgrXD9/YFTSuGjj3rH8=
golang.org/x/text v0.41.0/go.mod h1:jvf1O8ajNzZqhSrQBPbutR/EB83Cc0CFrezNQIwbb5M=
